
Microsoft Visual Studio Solution File, Format Version 12.00
# Visual Studio Version 17
VisualStudioVersion = 17.4.33213.308
MinimumVisualStudioVersion = 10.0.40219.1
Project("{2150E333-8FDC-42A3-9474-1A3956D46DE8}") = "Test", "Test", "{5FDED780-6B51-41D7-8C2D-0FA2BEDE9A0C}"
EndProject
Project("{2150E333-8FDC-42A3-9474-1A3956D46DE8}") = "Doc", "Doc", "{064F33EF-E120-4953-A2EE-64256CF841E6}"
EndProject
Project("{2150E333-8FDC-42A3-9474-1A3956D46DE8}") = "Src", "Src", "{D1E4688E-329F-4AC2-A83E-9E6A2DA45064}"
EndProject
Project("{2150E333-8FDC-42A3-9474-1A3956D46DE8}") = "Common", "Common", "{BE6D844C-4CF3-484C-AC83-A72022A4A156}"
EndProject
Project("{2150E333-8FDC-42A3-9474-1A3956D46DE8}") = "Core", "Core", "{F567AA5E-5A21-4154-BF8B-08FE4E4CA887}"
EndProject
Project("{2150E333-8FDC-42A3-9474-1A3956D46DE8}") = "Infrastructure", "Infrastructure", "{C3C7E757-45BE-4B0B-855B-8C28E21FDCD9}"
EndProject
Project("{2150E333-8FDC-42A3-9474-1A3956D46DE8}") = "Presentation", "Presentation", "{1A7DB0E7-9705-41E1-9615-F6BC34D3E172}"
EndProject
Project("{FAE04EC0-301F-11D3-BF4B-00C04F79EFBC}") = "galaxypremiere.Common", "galaxypremiere.Common\galaxypremiere.Common.csproj", "{6FC631E4-70FB-407B-BC6B-7F6A6C974C61}"
EndProject
Project("{FAE04EC0-301F-11D3-BF4B-00C04F79EFBC}") = "galaxypremiere.Application", "galaxypremiere.Application\galaxypremiere.Application.csproj", "{EA37A73D-1DEB-4F88-B247-CC249CC4B8D5}"
EndProject
Project("{FAE04EC0-301F-11D3-BF4B-00C04F79EFBC}") = "galaxypremiere.Domain", "galaxypremiere.Domain\galaxypremiere.Domain.csproj", "{4B1C8155-D7D1-4222-B89C-E92BCB9DD579}"
EndProject
Project("{FAE04EC0-301F-11D3-BF4B-00C04F79EFBC}") = "galaxypremiere.Infrastructure", "galaxypremiere.Infrastructure\galaxypremiere.Infrastructure.csproj", "{D488CBD7-BA69-42AF-ADA0-139C453DF0FC}"
EndProject
Project("{FAE04EC0-301F-11D3-BF4B-00C04F79EFBC}") = "galaxypremiere.Persistence", "galaxypremiere.Persistence\galaxypremiere.Persistence.csproj", "{5C4CE768-F894-4CAD-AFC9-9F845EA24C61}"
EndProject
Project("{FAE04EC0-301F-11D3-BF4B-00C04F79EFBC}") = "Endpoint.Site", "Endpoint.Site\Endpoint.Site.csproj", "{E461F689-7BFC-4012-864A-B07D95B8CD98}"
EndProject
Global
	GlobalSection(SolutionConfigurationPlatforms) = preSolution
		Debug|Any CPU = Debug|Any CPU
		Release|Any CPU = Release|Any CPU
	EndGlobalSection
	GlobalSection(ProjectConfigurationPlatforms) = postSolution
		{6FC631E4-70FB-407B-BC6B-7F6A6C974C61}.Debug|Any CPU.ActiveCfg = Debug|Any CPU
		{6FC631E4-70FB-407B-BC6B-7F6A6C974C61}.Debug|Any CPU.Build.0 = Debug|Any CPU
		{6FC631E4-70FB-407B-BC6B-7F6A6C974C61}.Release|Any CPU.ActiveCfg = Release|Any CPU
		{6FC631E4-70FB-407B-BC6B-7F6A6C974C61}.Release|Any CPU.Build.0 = Release|Any CPU
		{EA37A73D-1DEB-4F88-B247-CC249CC4B8D5}.Debug|Any CPU.ActiveCfg = Debug|Any CPU
		{EA37A73D-1DEB-4F88-B247-CC249CC4B8D5}.Debug|Any CPU.Build.0 = Debug|Any CPU
		{EA37A73D-1DEB-4F88-B247-CC249CC4B8D5}.Release|Any CPU.ActiveCfg = Release|Any CPU
		{EA37A73D-1DEB-4F88-B247-CC249CC4B8D5}.Release|Any CPU.Build.0 = Release|Any CPU
		{4B1C8155-D7D1-4222-B89C-E92BCB9DD579}.Debug|Any CPU.ActiveCfg = Debug|Any CPU
		{4B1C8155-D7D1-4222-B89C-E92BCB9DD579}.Debug|Any CPU.Build.0 = Debug|Any CPU
		{4B1C8155-D7D1-4222-B89C-E92BCB9DD579}.Release|Any CPU.ActiveCfg = Release|Any CPU
		{4B1C8155-D7D1-4222-B89C-E92BCB9DD579}.Release|Any CPU.Build.0 = Release|Any CPU
		{D488CBD7-BA69-42AF-ADA0-139C453DF0FC}.Debug|Any CPU.ActiveCfg = Debug|Any CPU
		{D488CBD7-BA69-42AF-ADA0-139C453DF0FC}.Debug|Any CPU.Build.0 = Debug|Any CPU
		{D488CBD7-BA69-42AF-ADA0-139C453DF0FC}.Release|Any CPU.ActiveCfg = Release|Any CPU
		{D488CBD7-BA69-42AF-ADA0-139C453DF0FC}.Release|Any CPU.Build.0 = Release|Any CPU
		{5C4CE768-F894-4CAD-AFC9-9F845EA24C61}.Debug|Any CPU.ActiveCfg = Debug|Any CPU
		{5C4CE768-F894-4CAD-AFC9-9F845EA24C61}.Debug|Any CPU.Build.0 = Debug|Any CPU
		{5C4CE768-F894-4CAD-AFC9-9F845EA24C61}.Release|Any CPU.ActiveCfg = Release|Any CPU
		{5C4CE768-F894-4CAD-AFC9-9F845EA24C61}.Release|Any CPU.Build.0 = Release|Any CPU
		{E461F689-7BFC-4012-864A-B07D95B8CD98}.Debug|Any CPU.ActiveCfg = Debug|Any CPU
		{E461F689-7BFC-4012-864A-B07D95B8CD98}.Debug|Any CPU.Build.0 = Debug|Any CPU
		{E461F689-7BFC-4012-864A-B07D95B8CD98}.Release|Any CPU.ActiveCfg = Release|Any CPU
		{E461F689-7BFC-4012-864A-B07D95B8CD98}.Release|Any CPU.Build.0 = Release|Any CPU
	EndGlobalSection
	GlobalSection(SolutionProperties) = preSolution
		HideSolutionNode = FALSE
	EndGlobalSection
	GlobalSection(NestedProjects) = preSolution
		{BE6D844C-4CF3-484C-AC83-A72022A4A156} = {D1E4688E-329F-4AC2-A83E-9E6A2DA45064}
		{F567AA5E-5A21-4154-BF8B-08FE4E4CA887} = {D1E4688E-329F-4AC2-A83E-9E6A2DA45064}
		{C3C7E757-45BE-4B0B-855B-8C28E21FDCD9} = {D1E4688E-329F-4AC2-A83E-9E6A2DA45064}
		{1A7DB0E7-9705-41E1-9615-F6BC34D3E172} = {D1E4688E-329F-4AC2-A83E-9E6A2DA45064}
		{6FC631E4-70FB-407B-BC6B-7F6A6C974C61} = {BE6D844C-4CF3-484C-AC83-A72022A4A156}
		{EA37A73D-1DEB-4F88-B247-CC249CC4B8D5} = {F567AA5E-5A21-4154-BF8B-08FE4E4CA887}
		{4B1C8155-D7D1-4222-B89C-E92BCB9DD579} = {F567AA5E-5A21-4154-BF8B-08FE4E4CA887}
		{D488CBD7-BA69-42AF-ADA0-139C453DF0FC} = {C3C7E757-45BE-4B0B-855B-8C28E21FDCD9}
		{5C4CE768-F894-4CAD-AFC9-9F845EA24C61} = {C3C7E757-45BE-4B0B-855B-8C28E21FDCD9}
		{E461F689-7BFC-4012-864A-B07D95B8CD98} = {1A7DB0E7-9705-41E1-9615-F6BC34D3E172}
	EndGlobalSection
	GlobalSection(ExtensibilityGlobals) = postSolution
		SolutionGuid = {2D4BC77D-5D9B-4E37-9C2C-C8F65041FCC3}
	EndGlobalSection
EndGlobal
